// !$*UTF8*$!
{
	archiveVersion = 1;
	classes = {
	};
	objectVersion = 50;
	objects = {

/* Begin PBXBuildFile section */
		4380DB5C348F3C11148D3B46 /* Pods_scorpioUITests.framework in Frameworks */ = {isa = PBXBuildFile; fileRef = 0863C820B926F6265AE65440 /* Pods_scorpioUITests.framework */; };
		BC20C3240938B8F35AECB061 /* Pods_scorpio.framework in Frameworks */ = {isa = PBXBuildFile; fileRef = 6835C7B1EC26D48B4B168245 /* Pods_scorpio.framework */; };
		D7DE86F364DF2EAC0F0042D3 /* Pods_scorpioTests.framework in Frameworks */ = {isa = PBXBuildFile; fileRef = D5D575517010CC99EDF82DDB /* Pods_scorpioTests.framework */; };
		E63ADC8321D74B5800B290B5 /* AppDelegate.swift in Sources */ = {isa = PBXBuildFile; fileRef = E63ADC8221D74B5800B290B5 /* AppDelegate.swift */; };
		E63ADC8821D74B5800B290B5 /* Main.storyboard in Resources */ = {isa = PBXBuildFile; fileRef = E63ADC8621D74B5800B290B5 /* Main.storyboard */; };
		E63ADC8A21D74B5A00B290B5 /* Assets.xcassets in Resources */ = {isa = PBXBuildFile; fileRef = E63ADC8921D74B5A00B290B5 /* Assets.xcassets */; };
		E63ADC8D21D74B5A00B290B5 /* LaunchScreen.storyboard in Resources */ = {isa = PBXBuildFile; fileRef = E63ADC8B21D74B5A00B290B5 /* LaunchScreen.storyboard */; };
		E63ADC9821D74B5A00B290B5 /* scorpioTests.swift in Sources */ = {isa = PBXBuildFile; fileRef = E63ADC9721D74B5A00B290B5 /* scorpioTests.swift */; };
		E63ADCA321D74B5A00B290B5 /* scorpioUITests.swift in Sources */ = {isa = PBXBuildFile; fileRef = E63ADCA221D74B5A00B290B5 /* scorpioUITests.swift */; };
		E63ADCB221D74E7400B290B5 /* Question.swift in Sources */ = {isa = PBXBuildFile; fileRef = E63ADCB121D74E7400B290B5 /* Question.swift */; };
		E63ADCB421D74F1900B290B5 /* Questionnaire.swift in Sources */ = {isa = PBXBuildFile; fileRef = E63ADCB321D74F1900B290B5 /* Questionnaire.swift */; };
		E63ADCB621D7505A00B290B5 /* Answer.swift in Sources */ = {isa = PBXBuildFile; fileRef = E63ADCB521D7505A00B290B5 /* Answer.swift */; };
		E63ADCB821D7531700B290B5 /* Choice.swift in Sources */ = {isa = PBXBuildFile; fileRef = E63ADCB721D7531700B290B5 /* Choice.swift */; };
		E63ADCBA21D7546400B290B5 /* User.swift in Sources */ = {isa = PBXBuildFile; fileRef = E63ADCB921D7546400B290B5 /* User.swift */; };
		E63ADCBE21D75AFE00B290B5 /* Interactor.swift in Sources */ = {isa = PBXBuildFile; fileRef = E63ADCBD21D75AFE00B290B5 /* Interactor.swift */; };
		E63ADCC021D75DA600B290B5 /* UserInteractor.swift in Sources */ = {isa = PBXBuildFile; fileRef = E63ADCBF21D75DA600B290B5 /* UserInteractor.swift */; };
/* End PBXBuildFile section */

/* Begin PBXContainerItemProxy section */
		E63ADC9421D74B5A00B290B5 /* PBXContainerItemProxy */ = {
			isa = PBXContainerItemProxy;
			containerPortal = E63ADC7721D74B5800B290B5 /* Project object */;
			proxyType = 1;
			remoteGlobalIDString = E63ADC7E21D74B5800B290B5;
			remoteInfo = scorpio;
		};
		E63ADC9F21D74B5A00B290B5 /* PBXContainerItemProxy */ = {
			isa = PBXContainerItemProxy;
			containerPortal = E63ADC7721D74B5800B290B5 /* Project object */;
			proxyType = 1;
			remoteGlobalIDString = E63ADC7E21D74B5800B290B5;
			remoteInfo = scorpio;
		};
/* End PBXContainerItemProxy section */

/* Begin PBXFileReference section */
		0863C820B926F6265AE65440 /* Pods_scorpioUITests.framework */ = {isa = PBXFileReference; explicitFileType = wrapper.framework; includeInIndex = 0; path = Pods_scorpioUITests.framework; sourceTree = BUILT_PRODUCTS_DIR; };
		0DD50217FDB707EBE23885EB /* Pods-scorpioUITests.debug.xcconfig */ = {isa = PBXFileReference; includeInIndex = 1; lastKnownFileType = text.xcconfig; name = "Pods-scorpioUITests.debug.xcconfig"; path = "Pods/Target Support Files/Pods-scorpioUITests/Pods-scorpioUITests.debug.xcconfig"; sourceTree = "<group>"; };
		2D643E53850310A4CF885F84 /* Pods-scorpioTests.debug.xcconfig */ = {isa = PBXFileReference; includeInIndex = 1; lastKnownFileType = text.xcconfig; name = "Pods-scorpioTests.debug.xcconfig"; path = "Pods/Target Support Files/Pods-scorpioTests/Pods-scorpioTests.debug.xcconfig"; sourceTree = "<group>"; };
		50A18EFB5F644905DDA62AD3 /* Pods-scorpioTests.release.xcconfig */ = {isa = PBXFileReference; includeInIndex = 1; lastKnownFileType = text.xcconfig; name = "Pods-scorpioTests.release.xcconfig"; path = "Pods/Target Support Files/Pods-scorpioTests/Pods-scorpioTests.release.xcconfig"; sourceTree = "<group>"; };
		65CEE36E9BCC0E76FF9235AD /* Pods-scorpio.debug.xcconfig */ = {isa = PBXFileReference; includeInIndex = 1; lastKnownFileType = text.xcconfig; name = "Pods-scorpio.debug.xcconfig"; path = "Pods/Target Support Files/Pods-scorpio/Pods-scorpio.debug.xcconfig"; sourceTree = "<group>"; };
		6835C7B1EC26D48B4B168245 /* Pods_scorpio.framework */ = {isa = PBXFileReference; explicitFileType = wrapper.framework; includeInIndex = 0; path = Pods_scorpio.framework; sourceTree = BUILT_PRODUCTS_DIR; };
		C73A5F2ADA02585422BC6363 /* Pods-scorpio.release.xcconfig */ = {isa = PBXFileReference; includeInIndex = 1; lastKnownFileType = text.xcconfig; name = "Pods-scorpio.release.xcconfig"; path = "Pods/Target Support Files/Pods-scorpio/Pods-scorpio.release.xcconfig"; sourceTree = "<group>"; };
		D5D575517010CC99EDF82DDB /* Pods_scorpioTests.framework */ = {isa = PBXFileReference; explicitFileType = wrapper.framework; includeInIndex = 0; path = Pods_scorpioTests.framework; sourceTree = BUILT_PRODUCTS_DIR; };
		DD04B5E4C362DE516A41D2A2 /* Pods-scorpioUITests.release.xcconfig */ = {isa = PBXFileReference; includeInIndex = 1; lastKnownFileType = text.xcconfig; name = "Pods-scorpioUITests.release.xcconfig"; path = "Pods/Target Support Files/Pods-scorpioUITests/Pods-scorpioUITests.release.xcconfig"; sourceTree = "<group>"; };
		E63ADC7F21D74B5800B290B5 /* scorpio.app */ = {isa = PBXFileReference; explicitFileType = wrapper.application; includeInIndex = 0; path = scorpio.app; sourceTree = BUILT_PRODUCTS_DIR; };
		E63ADC8221D74B5800B290B5 /* AppDelegate.swift */ = {isa = PBXFileReference; lastKnownFileType = sourcecode.swift; path = AppDelegate.swift; sourceTree = "<group>"; };
		E63ADC8721D74B5800B290B5 /* Base */ = {isa = PBXFileReference; lastKnownFileType = file.storyboard; name = Base; path = Base.lproj/Main.storyboard; sourceTree = "<group>"; };
		E63ADC8921D74B5A00B290B5 /* Assets.xcassets */ = {isa = PBXFileReference; lastKnownFileType = folder.assetcatalog; path = Assets.xcassets; sourceTree = "<group>"; };
		E63ADC8C21D74B5A00B290B5 /* Base */ = {isa = PBXFileReference; lastKnownFileType = file.storyboard; name = Base; path = Base.lproj/LaunchScreen.storyboard; sourceTree = "<group>"; };
		E63ADC8E21D74B5A00B290B5 /* Info.plist */ = {isa = PBXFileReference; lastKnownFileType = text.plist.xml; path = Info.plist; sourceTree = "<group>"; };
		E63ADC9321D74B5A00B290B5 /* scorpioTests.xctest */ = {isa = PBXFileReference; explicitFileType = wrapper.cfbundle; includeInIndex = 0; path = scorpioTests.xctest; sourceTree = BUILT_PRODUCTS_DIR; };
		E63ADC9721D74B5A00B290B5 /* scorpioTests.swift */ = {isa = PBXFileReference; lastKnownFileType = sourcecode.swift; path = scorpioTests.swift; sourceTree = "<group>"; };
		E63ADC9921D74B5A00B290B5 /* Info.plist */ = {isa = PBXFileReference; lastKnownFileType = text.plist.xml; path = Info.plist; sourceTree = "<group>"; };
		E63ADC9E21D74B5A00B290B5 /* scorpioUITests.xctest */ = {isa = PBXFileReference; explicitFileType = wrapper.cfbundle; includeInIndex = 0; path = scorpioUITests.xctest; sourceTree = BUILT_PRODUCTS_DIR; };
		E63ADCA221D74B5A00B290B5 /* scorpioUITests.swift */ = {isa = PBXFileReference; lastKnownFileType = sourcecode.swift; path = scorpioUITests.swift; sourceTree = "<group>"; };
		E63ADCA421D74B5A00B290B5 /* Info.plist */ = {isa = PBXFileReference; lastKnownFileType = text.plist.xml; path = Info.plist; sourceTree = "<group>"; };
		E63ADCB121D74E7400B290B5 /* Question.swift */ = {isa = PBXFileReference; lastKnownFileType = sourcecode.swift; path = Question.swift; sourceTree = "<group>"; };
		E63ADCB321D74F1900B290B5 /* Questionnaire.swift */ = {isa = PBXFileReference; lastKnownFileType = sourcecode.swift; path = Questionnaire.swift; sourceTree = "<group>"; };
		E63ADCB521D7505A00B290B5 /* Answer.swift */ = {isa = PBXFileReference; lastKnownFileType = sourcecode.swift; path = Answer.swift; sourceTree = "<group>"; };
		E63ADCB721D7531700B290B5 /* Choice.swift */ = {isa = PBXFileReference; lastKnownFileType = sourcecode.swift; path = Choice.swift; sourceTree = "<group>"; };
		E63ADCB921D7546400B290B5 /* User.swift */ = {isa = PBXFileReference; lastKnownFileType = sourcecode.swift; path = User.swift; sourceTree = "<group>"; };
		E63ADCBD21D75AFE00B290B5 /* Interactor.swift */ = {isa = PBXFileReference; lastKnownFileType = sourcecode.swift; path = Interactor.swift; sourceTree = "<group>"; };
		E63ADCBF21D75DA600B290B5 /* UserInteractor.swift */ = {isa = PBXFileReference; lastKnownFileType = sourcecode.swift; path = UserInteractor.swift; sourceTree = "<group>"; };
/* End PBXFileReference section */

/* Begin PBXFrameworksBuildPhase section */
		E63ADC7C21D74B5800B290B5 /* Frameworks */ = {
			isa = PBXFrameworksBuildPhase;
			buildActionMask = 2147483647;
			files = (
				BC20C3240938B8F35AECB061 /* Pods_scorpio.framework in Frameworks */,
			);
			runOnlyForDeploymentPostprocessing = 0;
		};
		E63ADC9021D74B5A00B290B5 /* Frameworks */ = {
			isa = PBXFrameworksBuildPhase;
			buildActionMask = 2147483647;
			files = (
				D7DE86F364DF2EAC0F0042D3 /* Pods_scorpioTests.framework in Frameworks */,
			);
			runOnlyForDeploymentPostprocessing = 0;
		};
		E63ADC9B21D74B5A00B290B5 /* Frameworks */ = {
			isa = PBXFrameworksBuildPhase;
			buildActionMask = 2147483647;
			files = (
				4380DB5C348F3C11148D3B46 /* Pods_scorpioUITests.framework in Frameworks */,
			);
			runOnlyForDeploymentPostprocessing = 0;
		};
/* End PBXFrameworksBuildPhase section */

/* Begin PBXGroup section */
		20EA214505BCD281E400FE39 /* Frameworks */ = {
			isa = PBXGroup;
			children = (
				6835C7B1EC26D48B4B168245 /* Pods_scorpio.framework */,
				D5D575517010CC99EDF82DDB /* Pods_scorpioTests.framework */,
				0863C820B926F6265AE65440 /* Pods_scorpioUITests.framework */,
			);
			name = Frameworks;
			sourceTree = "<group>";
		};
		8DAA5565786E19730401C86A /* Pods */ = {
			isa = PBXGroup;
			children = (
				65CEE36E9BCC0E76FF9235AD /* Pods-scorpio.debug.xcconfig */,
				C73A5F2ADA02585422BC6363 /* Pods-scorpio.release.xcconfig */,
				2D643E53850310A4CF885F84 /* Pods-scorpioTests.debug.xcconfig */,
				50A18EFB5F644905DDA62AD3 /* Pods-scorpioTests.release.xcconfig */,
				0DD50217FDB707EBE23885EB /* Pods-scorpioUITests.debug.xcconfig */,
				DD04B5E4C362DE516A41D2A2 /* Pods-scorpioUITests.release.xcconfig */,
			);
			name = Pods;
			sourceTree = "<group>";
		};
		E63ADC7621D74B5800B290B5 = {
			isa = PBXGroup;
			children = (
				E63ADC8121D74B5800B290B5 /* scorpio */,
				E63ADC9621D74B5A00B290B5 /* scorpioTests */,
				E63ADCA121D74B5A00B290B5 /* scorpioUITests */,
				E63ADC8021D74B5800B290B5 /* Products */,
				8DAA5565786E19730401C86A /* Pods */,
				20EA214505BCD281E400FE39 /* Frameworks */,
			);
			sourceTree = "<group>";
		};
		E63ADC8021D74B5800B290B5 /* Products */ = {
			isa = PBXGroup;
			children = (
				E63ADC7F21D74B5800B290B5 /* scorpio.app */,
				E63ADC9321D74B5A00B290B5 /* scorpioTests.xctest */,
				E63ADC9E21D74B5A00B290B5 /* scorpioUITests.xctest */,
			);
			name = Products;
			sourceTree = "<group>";
		};
		E63ADC8121D74B5800B290B5 /* scorpio */ = {
			isa = PBXGroup;
			children = (
				E63ADCC121D78AD600B290B5 /* Module */,
				E63ADCBC21D7597100B290B5 /* Interactor */,
				E63ADCB021D74DFE00B290B5 /* Entity */,
				E63ADC8221D74B5800B290B5 /* AppDelegate.swift */,
				E63ADC8621D74B5800B290B5 /* Main.storyboard */,
				E63ADC8921D74B5A00B290B5 /* Assets.xcassets */,
				E63ADC8B21D74B5A00B290B5 /* LaunchScreen.storyboard */,
				E63ADC8E21D74B5A00B290B5 /* Info.plist */,
			);
			path = scorpio;
			sourceTree = "<group>";
		};
		E63ADC9621D74B5A00B290B5 /* scorpioTests */ = {
			isa = PBXGroup;
			children = (
				E63ADC9721D74B5A00B290B5 /* scorpioTests.swift */,
				E63ADC9921D74B5A00B290B5 /* Info.plist */,
			);
			path = scorpioTests;
			sourceTree = "<group>";
		};
		E63ADCA121D74B5A00B290B5 /* scorpioUITests */ = {
			isa = PBXGroup;
			children = (
				E63ADCA221D74B5A00B290B5 /* scorpioUITests.swift */,
				E63ADCA421D74B5A00B290B5 /* Info.plist */,
			);
			path = scorpioUITests;
			sourceTree = "<group>";
		};
		E63ADCB021D74DFE00B290B5 /* Entity */ = {
			isa = PBXGroup;
			children = (
				E63ADCB321D74F1900B290B5 /* Questionnaire.swift */,
				E63ADCB121D74E7400B290B5 /* Question.swift */,
				E63ADCB721D7531700B290B5 /* Choice.swift */,
				E63ADCB521D7505A00B290B5 /* Answer.swift */,
				E63ADCB921D7546400B290B5 /* User.swift */,
			);
			path = Entity;
			sourceTree = "<group>";
		};
		E63ADCBC21D7597100B290B5 /* Interactor */ = {
			isa = PBXGroup;
			children = (
				E63ADCBD21D75AFE00B290B5 /* Interactor.swift */,
				E63ADCBF21D75DA600B290B5 /* UserInteractor.swift */,
			);
			path = Interactor;
			sourceTree = "<group>";
		};
		E63ADCC121D78AD600B290B5 /* Module */ = {
			isa = PBXGroup;
			children = (
				E63ADCC421D78B4700B290B5 /* NewQuestionnaire */,
				E63ADCC321D78B4400B290B5 /* Questionnaire */,
				E63ADCC221D78AE400B290B5 /* Outcome */,
			);
			path = Module;
			sourceTree = "<group>";
		};
		E63ADCC221D78AE400B290B5 /* Outcome */ = {
			isa = PBXGroup;
			children = (
			);
			path = Outcome;
			sourceTree = "<group>";
		};
		E63ADCC321D78B4400B290B5 /* Questionnaire */ = {
			isa = PBXGroup;
			children = (
			);
			path = Questionnaire;
			sourceTree = "<group>";
		};
		E63ADCC421D78B4700B290B5 /* NewQuestionnaire */ = {
			isa = PBXGroup;
			children = (
			);
			path = NewQuestionnaire;
			sourceTree = "<group>";
		};
/* End PBXGroup section */

/* Begin PBXNativeTarget section */
		E63ADC7E21D74B5800B290B5 /* scorpio */ = {
			isa = PBXNativeTarget;
			buildConfigurationList = E63ADCA721D74B5A00B290B5 /* Build configuration list for PBXNativeTarget "scorpio" */;
			buildPhases = (
				5D5219993B369F262F76834E /* [CP] Check Pods Manifest.lock */,
				E63ADC7B21D74B5800B290B5 /* Sources */,
				E63ADC7C21D74B5800B290B5 /* Frameworks */,
				E63ADC7D21D74B5800B290B5 /* Resources */,
				B44E90A2F04BCC82DD31B0B3 /* [CP] Embed Pods Frameworks */,
				E63ADCBB21D7551A00B290B5 /* ShellScript */,
			);
			buildRules = (
			);
			dependencies = (
			);
			name = scorpio;
			productName = scorpio;
			productReference = E63ADC7F21D74B5800B290B5 /* scorpio.app */;
			productType = "com.apple.product-type.application";
		};
		E63ADC9221D74B5A00B290B5 /* scorpioTests */ = {
			isa = PBXNativeTarget;
			buildConfigurationList = E63ADCAA21D74B5A00B290B5 /* Build configuration list for PBXNativeTarget "scorpioTests" */;
			buildPhases = (
				F51E11B197FA850E8849ED52 /* [CP] Check Pods Manifest.lock */,
				E63ADC8F21D74B5A00B290B5 /* Sources */,
				E63ADC9021D74B5A00B290B5 /* Frameworks */,
				E63ADC9121D74B5A00B290B5 /* Resources */,
			);
			buildRules = (
			);
			dependencies = (
				E63ADC9521D74B5A00B290B5 /* PBXTargetDependency */,
			);
			name = scorpioTests;
			productName = scorpioTests;
			productReference = E63ADC9321D74B5A00B290B5 /* scorpioTests.xctest */;
			productType = "com.apple.product-type.bundle.unit-test";
		};
		E63ADC9D21D74B5A00B290B5 /* scorpioUITests */ = {
			isa = PBXNativeTarget;
			buildConfigurationList = E63ADCAD21D74B5A00B290B5 /* Build configuration list for PBXNativeTarget "scorpioUITests" */;
			buildPhases = (
				80E20C96238845CB5FE09D5A /* [CP] Check Pods Manifest.lock */,
				E63ADC9A21D74B5A00B290B5 /* Sources */,
				E63ADC9B21D74B5A00B290B5 /* Frameworks */,
				E63ADC9C21D74B5A00B290B5 /* Resources */,
			);
			buildRules = (
			);
			dependencies = (
				E63ADCA021D74B5A00B290B5 /* PBXTargetDependency */,
			);
			name = scorpioUITests;
			productName = scorpioUITests;
			productReference = E63ADC9E21D74B5A00B290B5 /* scorpioUITests.xctest */;
			productType = "com.apple.product-type.bundle.ui-testing";
		};
/* End PBXNativeTarget section */

/* Begin PBXProject section */
		E63ADC7721D74B5800B290B5 /* Project object */ = {
			isa = PBXProject;
			attributes = {
				LastSwiftUpdateCheck = 1010;
				LastUpgradeCheck = 1010;
				ORGANIZATIONNAME = com.yamaura;
				TargetAttributes = {
					E63ADC7E21D74B5800B290B5 = {
						CreatedOnToolsVersion = 10.1;
					};
					E63ADC9221D74B5A00B290B5 = {
						CreatedOnToolsVersion = 10.1;
						TestTargetID = E63ADC7E21D74B5800B290B5;
					};
					E63ADC9D21D74B5A00B290B5 = {
						CreatedOnToolsVersion = 10.1;
						TestTargetID = E63ADC7E21D74B5800B290B5;
					};
				};
			};
			buildConfigurationList = E63ADC7A21D74B5800B290B5 /* Build configuration list for PBXProject "scorpio" */;
			compatibilityVersion = "Xcode 9.3";
			developmentRegion = en;
			hasScannedForEncodings = 0;
			knownRegions = (
				en,
				Base,
			);
			mainGroup = E63ADC7621D74B5800B290B5;
			productRefGroup = E63ADC8021D74B5800B290B5 /* Products */;
			projectDirPath = "";
			projectRoot = "";
			targets = (
				E63ADC7E21D74B5800B290B5 /* scorpio */,
				E63ADC9221D74B5A00B290B5 /* scorpioTests */,
				E63ADC9D21D74B5A00B290B5 /* scorpioUITests */,
			);
		};
/* End PBXProject section */

/* Begin PBXResourcesBuildPhase section */
		E63ADC7D21D74B5800B290B5 /* Resources */ = {
			isa = PBXResourcesBuildPhase;
			buildActionMask = 2147483647;
			files = (
				E63ADC8D21D74B5A00B290B5 /* LaunchScreen.storyboard in Resources */,
				E63ADC8A21D74B5A00B290B5 /* Assets.xcassets in Resources */,
				E63ADC8821D74B5800B290B5 /* Main.storyboard in Resources */,
			);
			runOnlyForDeploymentPostprocessing = 0;
		};
		E63ADC9121D74B5A00B290B5 /* Resources */ = {
			isa = PBXResourcesBuildPhase;
			buildActionMask = 2147483647;
			files = (
			);
			runOnlyForDeploymentPostprocessing = 0;
		};
		E63ADC9C21D74B5A00B290B5 /* Resources */ = {
			isa = PBXResourcesBuildPhase;
			buildActionMask = 2147483647;
			files = (
			);
			runOnlyForDeploymentPostprocessing = 0;
		};
/* End PBXResourcesBuildPhase section */

/* Begin PBXShellScriptBuildPhase section */
		5D5219993B369F262F76834E /* [CP] Check Pods Manifest.lock */ = {
			isa = PBXShellScriptBuildPhase;
			buildActionMask = 2147483647;
			files = (
			);
			inputPaths = (
				"${PODS_PODFILE_DIR_PATH}/Podfile.lock",
				"${PODS_ROOT}/Manifest.lock",
			);
			name = "[CP] Check Pods Manifest.lock";
			outputPaths = (
				"$(DERIVED_FILE_DIR)/Pods-scorpio-checkManifestLockResult.txt",
			);
			runOnlyForDeploymentPostprocessing = 0;
			shellPath = /bin/sh;
			shellScript = "diff \"${PODS_PODFILE_DIR_PATH}/Podfile.lock\" \"${PODS_ROOT}/Manifest.lock\" > /dev/null\nif [ $? != 0 ] ; then\n    # print error to STDERR\n    echo \"error: The sandbox is not in sync with the Podfile.lock. Run 'pod install' or update your CocoaPods installation.\" >&2\n    exit 1\nfi\n# This output is used by Xcode 'outputs' to avoid re-running this script phase.\necho \"SUCCESS\" > \"${SCRIPT_OUTPUT_FILE_0}\"\n";
			showEnvVarsInLog = 0;
		};
		80E20C96238845CB5FE09D5A /* [CP] Check Pods Manifest.lock */ = {
			isa = PBXShellScriptBuildPhase;
			buildActionMask = 2147483647;
			files = (
			);
			inputPaths = (
				"${PODS_PODFILE_DIR_PATH}/Podfile.lock",
				"${PODS_ROOT}/Manifest.lock",
			);
			name = "[CP] Check Pods Manifest.lock";
			outputPaths = (
				"$(DERIVED_FILE_DIR)/Pods-scorpioUITests-checkManifestLockResult.txt",
			);
			runOnlyForDeploymentPostprocessing = 0;
			shellPath = /bin/sh;
			shellScript = "diff \"${PODS_PODFILE_DIR_PATH}/Podfile.lock\" \"${PODS_ROOT}/Manifest.lock\" > /dev/null\nif [ $? != 0 ] ; then\n    # print error to STDERR\n    echo \"error: The sandbox is not in sync with the Podfile.lock. Run 'pod install' or update your CocoaPods installation.\" >&2\n    exit 1\nfi\n# This output is used by Xcode 'outputs' to avoid re-running this script phase.\necho \"SUCCESS\" > \"${SCRIPT_OUTPUT_FILE_0}\"\n";
			showEnvVarsInLog = 0;
		};
		B44E90A2F04BCC82DD31B0B3 /* [CP] Embed Pods Frameworks */ = {
			isa = PBXShellScriptBuildPhase;
			buildActionMask = 2147483647;
			files = (
			);
			inputPaths = (
				"${SRCROOT}/Pods/Target Support Files/Pods-scorpio/Pods-scorpio-frameworks.sh",
				"${BUILT_PRODUCTS_DIR}/Realm/Realm.framework",
				"${BUILT_PRODUCTS_DIR}/RealmSwift/RealmSwift.framework",
			);
			name = "[CP] Embed Pods Frameworks";
			outputPaths = (
				"${TARGET_BUILD_DIR}/${FRAMEWORKS_FOLDER_PATH}/Realm.framework",
				"${TARGET_BUILD_DIR}/${FRAMEWORKS_FOLDER_PATH}/RealmSwift.framework",
			);
			runOnlyForDeploymentPostprocessing = 0;
			shellPath = /bin/sh;
			shellScript = "\"${SRCROOT}/Pods/Target Support Files/Pods-scorpio/Pods-scorpio-frameworks.sh\"\n";
			showEnvVarsInLog = 0;
		};
		E63ADCBB21D7551A00B290B5 /* ShellScript */ = {
			isa = PBXShellScriptBuildPhase;
			buildActionMask = 2147483647;
			files = (
			);
			inputFileListPaths = (
			);
			inputPaths = (
			);
			outputFileListPaths = (
			);
			outputPaths = (
			);
			runOnlyForDeploymentPostprocessing = 0;
			shellPath = /bin/sh;
			shellScript = "if which swiftlint >/dev/null; then\nswiftlint\nelse\necho \"warning: SwiftLint not installed, download from https://github.com/realm/SwiftLint\"\nfi\n";
		};
		F51E11B197FA850E8849ED52 /* [CP] Check Pods Manifest.lock */ = {
			isa = PBXShellScriptBuildPhase;
			buildActionMask = 2147483647;
			files = (
			);
			inputPaths = (
				"${PODS_PODFILE_DIR_PATH}/Podfile.lock",
				"${PODS_ROOT}/Manifest.lock",
			);
			name = "[CP] Check Pods Manifest.lock";
			outputPaths = (
				"$(DERIVED_FILE_DIR)/Pods-scorpioTests-checkManifestLockResult.txt",
			);
			runOnlyForDeploymentPostprocessing = 0;
			shellPath = /bin/sh;
			shellScript = "diff \"${PODS_PODFILE_DIR_PATH}/Podfile.lock\" \"${PODS_ROOT}/Manifest.lock\" > /dev/null\nif [ $? != 0 ] ; then\n    # print error to STDERR\n    echo \"error: The sandbox is not in sync with the Podfile.lock. Run 'pod install' or update your CocoaPods installation.\" >&2\n    exit 1\nfi\n# This output is used by Xcode 'outputs' to avoid re-running this script phase.\necho \"SUCCESS\" > \"${SCRIPT_OUTPUT_FILE_0}\"\n";
			showEnvVarsInLog = 0;
		};
/* End PBXShellScriptBuildPhase section */

/* Begin PBXSourcesBuildPhase section */
		E63ADC7B21D74B5800B290B5 /* Sources */ = {
			isa = PBXSourcesBuildPhase;
			buildActionMask = 2147483647;
			files = (
				E63ADCB821D7531700B290B5 /* Choice.swift in Sources */,
				E63ADCC021D75DA600B290B5 /* UserInteractor.swift in Sources */,
				E63ADCB221D74E7400B290B5 /* Question.swift in Sources */,
				E63ADCB421D74F1900B290B5 /* Questionnaire.swift in Sources */,
				E63ADCB621D7505A00B290B5 /* Answer.swift in Sources */,
				E63ADC8321D74B5800B290B5 /* AppDelegate.swift in Sources */,
				E63ADCBE21D75AFE00B290B5 /* Interactor.swift in Sources */,
				E63ADCBA21D7546400B290B5 /* User.swift in Sources */,
			);
			runOnlyForDeploymentPostprocessing = 0;
		};
		E63ADC8F21D74B5A00B290B5 /* Sources */ = {
			isa = PBXSourcesBuildPhase;
			buildActionMask = 2147483647;
			files = (
				E63ADC9821D74B5A00B290B5 /* scorpioTests.swift in Sources */,
			);
			runOnlyForDeploymentPostprocessing = 0;
		};
		E63ADC9A21D74B5A00B290B5 /* Sources */ = {
			isa = PBXSourcesBuildPhase;
			buildActionMask = 2147483647;
			files = (
				E63ADCA321D74B5A00B290B5 /* scorpioUITests.swift in Sources */,
			);
			runOnlyForDeploymentPostprocessing = 0;
		};
/* End PBXSourcesBuildPhase section */

/* Begin PBXTargetDependency section */
		E63ADC9521D74B5A00B290B5 /* PBXTargetDependency */ = {
			isa = PBXTargetDependency;
			target = E63ADC7E21D74B5800B290B5 /* scorpio */;
			targetProxy = E63ADC9421D74B5A00B290B5 /* PBXContainerItemProxy */;
		};
		E63ADCA021D74B5A00B290B5 /* PBXTargetDependency */ = {
			isa = PBXTargetDependency;
			target = E63ADC7E21D74B5800B290B5 /* scorpio */;
			targetProxy = E63ADC9F21D74B5A00B290B5 /* PBXContainerItemProxy */;
		};
/* End PBXTargetDependency section */

/* Begin PBXVariantGroup section */
		E63ADC8621D74B5800B290B5 /* Main.storyboard */ = {
			isa = PBXVariantGroup;
			children = (
				E63ADC8721D74B5800B290B5 /* Base */,
			);
			name = Main.storyboard;
			sourceTree = "<group>";
		};
		E63ADC8B21D74B5A00B290B5 /* LaunchScreen.storyboard */ = {
			isa = PBXVariantGroup;
			children = (
				E63ADC8C21D74B5A00B290B5 /* Base */,
			);
			name = LaunchScreen.storyboard;
			sourceTree = "<group>";
		};
/* End PBXVariantGroup section */

/* Begin XCBuildConfiguration section */
		E63ADCA521D74B5A00B290B5 /* Debug */ = {
			isa = XCBuildConfiguration;
			buildSettings = {
				ALWAYS_SEARCH_USER_PATHS = NO;
				CLANG_ANALYZER_NONNULL = YES;
				CLANG_ANALYZER_NUMBER_OBJECT_CONVERSION = YES_AGGRESSIVE;
				CLANG_CXX_LANGUAGE_STANDARD = "gnu++14";
				CLANG_CXX_LIBRARY = "libc++";
				CLANG_ENABLE_MODULES = YES;
				CLANG_ENABLE_OBJC_ARC = YES;
				CLANG_ENABLE_OBJC_WEAK = YES;
				CLANG_WARN_BLOCK_CAPTURE_AUTORELEASING = YES;
				CLANG_WARN_BOOL_CONVERSION = YES;
				CLANG_WARN_COMMA = YES;
				CLANG_WARN_CONSTANT_CONVERSION = YES;
				CLANG_WARN_DEPRECATED_OBJC_IMPLEMENTATIONS = YES;
				CLANG_WARN_DIRECT_OBJC_ISA_USAGE = YES_ERROR;
				CLANG_WARN_DOCUMENTATION_COMMENTS = YES;
				CLANG_WARN_EMPTY_BODY = YES;
				CLANG_WARN_ENUM_CONVERSION = YES;
				CLANG_WARN_INFINITE_RECURSION = YES;
				CLANG_WARN_INT_CONVERSION = YES;
				CLANG_WARN_NON_LITERAL_NULL_CONVERSION = YES;
				CLANG_WARN_OBJC_IMPLICIT_RETAIN_SELF = YES;
				CLANG_WARN_OBJC_LITERAL_CONVERSION = YES;
				CLANG_WARN_OBJC_ROOT_CLASS = YES_ERROR;
				CLANG_WARN_RANGE_LOOP_ANALYSIS = YES;
				CLANG_WARN_STRICT_PROTOTYPES = YES;
				CLANG_WARN_SUSPICIOUS_MOVE = YES;
				CLANG_WARN_UNGUARDED_AVAILABILITY = YES_AGGRESSIVE;
				CLANG_WARN_UNREACHABLE_CODE = YES;
				CLANG_WARN__DUPLICATE_METHOD_MATCH = YES;
				CODE_SIGN_IDENTITY = "iPhone Developer";
				COPY_PHASE_STRIP = NO;
				DEBUG_INFORMATION_FORMAT = dwarf;
				ENABLE_STRICT_OBJC_MSGSEND = YES;
				ENABLE_TESTABILITY = YES;
				GCC_C_LANGUAGE_STANDARD = gnu11;
				GCC_DYNAMIC_NO_PIC = NO;
				GCC_NO_COMMON_BLOCKS = YES;
				GCC_OPTIMIZATION_LEVEL = 0;
				GCC_PREPROCESSOR_DEFINITIONS = (
					"DEBUG=1",
					"$(inherited)",
				);
				GCC_WARN_64_TO_32_BIT_CONVERSION = YES;
				GCC_WARN_ABOUT_RETURN_TYPE = YES_ERROR;
				GCC_WARN_UNDECLARED_SELECTOR = YES;
				GCC_WARN_UNINITIALIZED_AUTOS = YES_AGGRESSIVE;
				GCC_WARN_UNUSED_FUNCTION = YES;
				GCC_WARN_UNUSED_VARIABLE = YES;
				IPHONEOS_DEPLOYMENT_TARGET = 12.1;
				MTL_ENABLE_DEBUG_INFO = INCLUDE_SOURCE;
				MTL_FAST_MATH = YES;
				ONLY_ACTIVE_ARCH = YES;
				SDKROOT = iphoneos;
				SWIFT_ACTIVE_COMPILATION_CONDITIONS = DEBUG;
				SWIFT_OPTIMIZATION_LEVEL = "-Onone";
			};
			name = Debug;
		};
		E63ADCA621D74B5A00B290B5 /* Release */ = {
			isa = XCBuildConfiguration;
			buildSettings = {
				ALWAYS_SEARCH_USER_PATHS = NO;
				CLANG_ANALYZER_NONNULL = YES;
				CLANG_ANALYZER_NUMBER_OBJECT_CONVERSION = YES_AGGRESSIVE;
				CLANG_CXX_LANGUAGE_STANDARD = "gnu++14";
				CLANG_CXX_LIBRARY = "libc++";
				CLANG_ENABLE_MODULES = YES;
				CLANG_ENABLE_OBJC_ARC = YES;
				CLANG_ENABLE_OBJC_WEAK = YES;
				CLANG_WARN_BLOCK_CAPTURE_AUTORELEASING = YES;
				CLANG_WARN_BOOL_CONVERSION = YES;
				CLANG_WARN_COMMA = YES;
				CLANG_WARN_CONSTANT_CONVERSION = YES;
				CLANG_WARN_DEPRECATED_OBJC_IMPLEMENTATIONS = YES;
				CLANG_WARN_DIRECT_OBJC_ISA_USAGE = YES_ERROR;
				CLANG_WARN_DOCUMENTATION_COMMENTS = YES;
				CLANG_WARN_EMPTY_BODY = YES;
				CLANG_WARN_ENUM_CONVERSION = YES;
				CLANG_WARN_INFINITE_RECURSION = YES;
				CLANG_WARN_INT_CONVERSION = YES;
				CLANG_WARN_NON_LITERAL_NULL_CONVERSION = YES;
				CLANG_WARN_OBJC_IMPLICIT_RETAIN_SELF = YES;
				CLANG_WARN_OBJC_LITERAL_CONVERSION = YES;
				CLANG_WARN_OBJC_ROOT_CLASS = YES_ERROR;
				CLANG_WARN_RANGE_LOOP_ANALYSIS = YES;
				CLANG_WARN_STRICT_PROTOTYPES = YES;
				CLANG_WARN_SUSPICIOUS_MOVE = YES;
				CLANG_WARN_UNGUARDED_AVAILABILITY = YES_AGGRESSIVE;
				CLANG_WARN_UNREACHABLE_CODE = YES;
				CLANG_WARN__DUPLICATE_METHOD_MATCH = YES;
				CODE_SIGN_IDENTITY = "iPhone Developer";
				COPY_PHASE_STRIP = NO;
				DEBUG_INFORMATION_FORMAT = "dwarf-with-dsym";
				ENABLE_NS_ASSERTIONS = NO;
				ENABLE_STRICT_OBJC_MSGSEND = YES;
				GCC_C_LANGUAGE_STANDARD = gnu11;
				GCC_NO_COMMON_BLOCKS = YES;
				GCC_WARN_64_TO_32_BIT_CONVERSION = YES;
				GCC_WARN_ABOUT_RETURN_TYPE = YES_ERROR;
				GCC_WARN_UNDECLARED_SELECTOR = YES;
				GCC_WARN_UNINITIALIZED_AUTOS = YES_AGGRESSIVE;
				GCC_WARN_UNUSED_FUNCTION = YES;
				GCC_WARN_UNUSED_VARIABLE = YES;
				IPHONEOS_DEPLOYMENT_TARGET = 12.1;
				MTL_ENABLE_DEBUG_INFO = NO;
				MTL_FAST_MATH = YES;
				SDKROOT = iphoneos;
				SWIFT_COMPILATION_MODE = wholemodule;
				SWIFT_OPTIMIZATION_LEVEL = "-O";
				VALIDATE_PRODUCT = YES;
			};
			name = Release;
		};
		E63ADCA821D74B5A00B290B5 /* Debug */ = {
			isa = XCBuildConfiguration;
			baseConfigurationReference = 65CEE36E9BCC0E76FF9235AD /* Pods-scorpio.debug.xcconfig */;
			buildSettings = {
				ASSETCATALOG_COMPILER_APPICON_NAME = AppIcon;
				CODE_SIGN_STYLE = Automatic;
				INFOPLIST_FILE = scorpio/Info.plist;
				IPHONEOS_DEPLOYMENT_TARGET = 11.0;
				LD_RUNPATH_SEARCH_PATHS = (
					"$(inherited)",
					"@executable_path/Frameworks",
				);
				PRODUCT_BUNDLE_IDENTIFIER = com.yamaura.scorpio;
				PRODUCT_NAME = "$(TARGET_NAME)";
				SWIFT_VERSION = 4.2;
				TARGETED_DEVICE_FAMILY = 1;
			};
			name = Debug;
		};
		E63ADCA921D74B5A00B290B5 /* Release */ = {
			isa = XCBuildConfiguration;
			baseConfigurationReference = C73A5F2ADA02585422BC6363 /* Pods-scorpio.release.xcconfig */;
			buildSettings = {
				ASSETCATALOG_COMPILER_APPICON_NAME = AppIcon;
				CODE_SIGN_STYLE = Automatic;
				INFOPLIST_FILE = scorpio/Info.plist;
				IPHONEOS_DEPLOYMENT_TARGET = 11.0;
				LD_RUNPATH_SEARCH_PATHS = (
					"$(inherited)",
					"@executable_path/Frameworks",
				);
				PRODUCT_BUNDLE_IDENTIFIER = com.yamaura.scorpio;
				PRODUCT_NAME = "$(TARGET_NAME)";
				SWIFT_VERSION = 4.2;
				TARGETED_DEVICE_FAMILY = 1;
			};
			name = Release;
		};
		E63ADCAB21D74B5A00B290B5 /* Debug */ = {
			isa = XCBuildConfiguration;
			baseConfigurationReference = 2D643E53850310A4CF885F84 /* Pods-scorpioTests.debug.xcconfig */;
			buildSettings = {
				ALWAYS_EMBED_SWIFT_STANDARD_LIBRARIES = YES;
				BUNDLE_LOADER = "$(TEST_HOST)";
				CODE_SIGN_STYLE = Automatic;
				INFOPLIST_FILE = scorpioTests/Info.plist;
				LD_RUNPATH_SEARCH_PATHS = (
					"$(inherited)",
					"@executable_path/Frameworks",
					"@loader_path/Frameworks",
				);
				PRODUCT_BUNDLE_IDENTIFIER = com.yamaura.scorpioTests;
				PRODUCT_NAME = "$(TARGET_NAME)";
				SWIFT_VERSION = 4.2;
				TARGETED_DEVICE_FAMILY = "1,2";
				TEST_HOST = "$(BUILT_PRODUCTS_DIR)/scorpio.app/scorpio";
			};
			name = Debug;
		};
		E63ADCAC21D74B5A00B290B5 /* Release */ = {
			isa = XCBuildConfiguration;
			baseConfigurationReference = 50A18EFB5F644905DDA62AD3 /* Pods-scorpioTests.release.xcconfig */;
			buildSettings = {
				ALWAYS_EMBED_SWIFT_STANDARD_LIBRARIES = YES;
				BUNDLE_LOADER = "$(TEST_HOST)";
				CODE_SIGN_STYLE = Automatic;
				INFOPLIST_FILE = scorpioTests/Info.plist;
				LD_RUNPATH_SEARCH_PATHS = (
					"$(inherited)",
					"@executable_path/Frameworks",
					"@loader_path/Frameworks",
				);
				PRODUCT_BUNDLE_IDENTIFIER = com.yamaura.scorpioTests;
				PRODUCT_NAME = "$(TARGET_NAME)";
				SWIFT_VERSION = 4.2;
				TARGETED_DEVICE_FAMILY = "1,2";
				TEST_HOST = "$(BUILT_PRODUCTS_DIR)/scorpio.app/scorpio";
			};
			name = Release;
		};
		E63ADCAE21D74B5A00B290B5 /* Debug */ = {
			isa = XCBuildConfiguration;
			baseConfigurationReference = 0DD50217FDB707EBE23885EB /* Pods-scorpioUITests.debug.xcconfig */;
			buildSettings = {
				ALWAYS_EMBED_SWIFT_STANDARD_LIBRARIES = YES;
				CODE_SIGN_STYLE = Automatic;
				INFOPLIST_FILE = scorpioUITests/Info.plist;
				LD_RUNPATH_SEARCH_PATHS = (
					"$(inherited)",
					"@executable_path/Frameworks",
					"@loader_path/Frameworks",
				);
				PRODUCT_BUNDLE_IDENTIFIER = com.yamaura.scorpioUITests;
				PRODUCT_NAME = "$(TARGET_NAME)";
				SWIFT_VERSION = 4.2;
				TARGETED_DEVICE_FAMILY = "1,2";
				TEST_TARGET_NAME = scorpio;
			};
			name = Debug;
		};
		E63ADCAF21D74B5A00B290B5 /* Release */ = {
			isa = XCBuildConfiguration;
			baseConfigurationReference = DD04B5E4C362DE516A41D2A2 /* Pods-scorpioUITests.release.xcconfig */;
			buildSettings = {
				ALWAYS_EMBED_SWIFT_STANDARD_LIBRARIES = YES;
				CODE_SIGN_STYLE = Automatic;
				INFOPLIST_FILE = scorpioUITests/Info.plist;
				LD_RUNPATH_SEARCH_PATHS = (
					"$(inherited)",
					"@executable_path/Frameworks",
					"@loader_path/Frameworks",
				);
				PRODUCT_BUNDLE_IDENTIFIER = com.yamaura.scorpioUITests;
				PRODUCT_NAME = "$(TARGET_NAME)";
				SWIFT_VERSION = 4.2;
				TARGETED_DEVICE_FAMILY = "1,2";
				TEST_TARGET_NAME = scorpio;
			};
			name = Release;
		};
/* End XCBuildConfiguration section */

/* Begin XCConfigurationList section */
		E63ADC7A21D74B5800B290B5 /* Build configuration list for PBXProject "scorpio" */ = {
			isa = XCConfigurationList;
			buildConfigurations = (
				E63ADCA521D74B5A00B290B5 /* Debug */,
				E63ADCA621D74B5A00B290B5 /* Release */,
			);
			defaultConfigurationIsVisible = 0;
			defaultConfigurationName = Release;
		};
		E63ADCA721D74B5A00B290B5 /* Build configuration list for PBXNativeTarget "scorpio" */ = {
			isa = XCConfigurationList;
			buildConfigurations = (
				E63ADCA821D74B5A00B290B5 /* Debug */,
				E63ADCA921D74B5A00B290B5 /* Release */,
			);
			defaultConfigurationIsVisible = 0;
			defaultConfigurationName = Release;
		};
		E63ADCAA21D74B5A00B290B5 /* Build configuration list for PBXNativeTarget "scorpioTests" */ = {
			isa = XCConfigurationList;
			buildConfigurations = (
				E63ADCAB21D74B5A00B290B5 /* Debug */,
				E63ADCAC21D74B5A00B290B5 /* Release */,
			);
			defaultConfigurationIsVisible = 0;
			defaultConfigurationName = Release;
		};
		E63ADCAD21D74B5A00B290B5 /* Build configuration list for PBXNativeTarget "scorpioUITests" */ = {
			isa = XCConfigurationList;
			buildConfigurations = (
				E63ADCAE21D74B5A00B290B5 /* Debug */,
				E63ADCAF21D74B5A00B290B5 /* Release */,
			);
			defaultConfigurationIsVisible = 0;
			defaultConfigurationName = Release;
		};
/* End XCConfigurationList section */
	};
	rootObject = E63ADC7721D74B5800B290B5 /* Project object */;
}
